
Microsoft Visual Studio Solution File, Format Version 12.00
# Visual Studio Version 16
VisualStudioVersion = 16.0.32510.428
MinimumVisualStudioVersion = 10.0.40219.1
Project("{FAE04EC0-301F-11D3-BF4B-00C04F79EFBC}") = "RinkuCoppel", "RinkuCoppel.csproj", "{F294E605-5318-478D-B43E-1C988B262445}"
EndProject
Global
	GlobalSection(SolutionConfigurationPlatforms) = preSolution
		Debug|Any CPU = Debug|Any CPU
		Release|Any CPU = Release|Any CPU
	EndGlobalSection
	GlobalSection(ProjectConfigurationPlatforms) = postSolution
		{F294E605-5318-478D-B43E-1C988B262445}.Debug|Any CPU.ActiveCfg = Debug|Any CPU
		{F294E605-5318-478D-B43E-1C988B262445}.Debug|Any CPU.Build.0 = Debug|Any CPU
		{F294E605-5318-478D-B43E-1C988B262445}.Release|Any CPU.ActiveCfg = Release|Any CPU
		{F294E605-5318-478D-B43E-1C988B262445}.Release|Any CPU.Build.0 = Release|Any CPU
	EndGlobalSection
	GlobalSection(SolutionProperties) = preSolution
		HideSolutionNode = FALSE
	EndGlobalSection
	GlobalSection(ExtensibilityGlobals) = postSolution
		SolutionGuid = {C4223157-DFAA-4B47-B187-D52A19AA38DE}
	EndGlobalSection
EndGlobal
